// !$*UTF8*$!
{
	archiveVersion = 1;
	classes = {
	};
	objectVersion = 46;
	objects = {

/* Begin PBXBuildFile section */
		7979953C1ACFFCD400474A22 /* MyUserSetting.m in Sources */ = {isa = PBXBuildFile; fileRef = 7979953B1ACFFCD400474A22 /* MyUserSetting.m */; };
		7979953F1AD00CE000474A22 /* DragAreaView.m in Sources */ = {isa = PBXBuildFile; fileRef = 7979953E1AD00CE000474A22 /* DragAreaView.m */; };
		79EB74E51ACC179900AD4C65 /* main.m in Sources */ = {isa = PBXBuildFile; fileRef = 79EB74E41ACC179900AD4C65 /* main.m */; };
		79EB74E81ACC179900AD4C65 /* AppDelegate.m in Sources */ = {isa = PBXBuildFile; fileRef = 79EB74E71ACC179900AD4C65 /* AppDelegate.m */; };
		79EB74EB1ACC179900AD4C65 /* ViewController.m in Sources */ = {isa = PBXBuildFile; fileRef = 79EB74EA1ACC179900AD4C65 /* ViewController.m */; };
		79EB74EE1ACC179900AD4C65 /* Main.storyboard in Resources */ = {isa = PBXBuildFile; fileRef = 79EB74EC1ACC179900AD4C65 /* Main.storyboard */; };
		79EB74F01ACC179900AD4C65 /* Images.xcassets in Resources */ = {isa = PBXBuildFile; fileRef = 79EB74EF1ACC179900AD4C65 /* Images.xcassets */; };
		79EB74F31ACC179900AD4C65 /* LaunchScreen.xib in Resources */ = {isa = PBXBuildFile; fileRef = 79EB74F11ACC179900AD4C65 /* LaunchScreen.xib */; };
		79EB74FF1ACC179900AD4C65 /* WRUserSettingsExampleTests.m in Sources */ = {isa = PBXBuildFile; fileRef = 79EB74FE1ACC179900AD4C65 /* WRUserSettingsExampleTests.m */; };
		79EB750B1ACC183C00AD4C65 /* WRUserSettings.m in Sources */ = {isa = PBXBuildFile; fileRef = 79EB750A1ACC183C00AD4C65 /* WRUserSettings.m */; };
/* End PBXBuildFile section */

/* Begin PBXContainerItemProxy section */
		79EB74F91ACC179900AD4C65 /* PBXContainerItemProxy */ = {
			isa = PBXContainerItemProxy;
			containerPortal = 79EB74D71ACC179900AD4C65 /* Project object */;
			proxyType = 1;
			remoteGlobalIDString = 79EB74DE1ACC179900AD4C65;
			remoteInfo = WRUserSettingsExample;
		};
/* End PBXContainerItemProxy section */

/* Begin PBXFileReference section */
		7979953A1ACFFCD400474A22 /* MyUserSetting.h */ = {isa = PBXFileReference; fileEncoding = 4; lastKnownFileType = sourcecode.c.h; path = MyUserSetting.h; sourceTree = "<group>"; };
		7979953B1ACFFCD400474A22 /* MyUserSetting.m */ = {isa = PBXFileReference; fileEncoding = 4; lastKnownFileType = sourcecode.c.objc; path = MyUserSetting.m; sourceTree = "<group>"; };
		7979953D1AD00CE000474A22 /* DragAreaView.h */ = {isa = PBXFileReference; fileEncoding = 4; lastKnownFileType = sourcecode.c.h; path = DragAreaView.h; sourceTree = "<group>"; };
		7979953E1AD00CE000474A22 /* DragAreaView.m */ = {isa = PBXFileReference; fileEncoding = 4; lastKnownFileType = sourcecode.c.objc; path = DragAreaView.m; sourceTree = "<group>"; };
		79EB74DF1ACC179900AD4C65 /* WRUserSettingsExample.app */ = {isa = PBXFileReference; explicitFileType = wrapper.application; includeInIndex = 0; path = WRUserSettingsExample.app; sourceTree = BUILT_PRODUCTS_DIR; };
		79EB74E31ACC179900AD4C65 /* Info.plist */ = {isa = PBXFileReference; lastKnownFileType = text.plist.xml; path = Info.plist; sourceTree = "<group>"; };
		79EB74E41ACC179900AD4C65 /* main.m */ = {isa = PBXFileReference; lastKnownFileType = sourcecode.c.objc; path = main.m; sourceTree = "<group>"; };
		79EB74E61ACC179900AD4C65 /* AppDelegate.h */ = {isa = PBXFileReference; lastKnownFileType = sourcecode.c.h; path = AppDelegate.h; sourceTree = "<group>"; };
		79EB74E71ACC179900AD4C65 /* AppDelegate.m */ = {isa = PBXFileReference; lastKnownFileType = sourcecode.c.objc; path = AppDelegate.m; sourceTree = "<group>"; };
		79EB74E91ACC179900AD4C65 /* ViewController.h */ = {isa = PBXFileReference; lastKnownFileType = sourcecode.c.h; path = ViewController.h; sourceTree = "<group>"; };
		79EB74EA1ACC179900AD4C65 /* ViewController.m */ = {isa = PBXFileReference; lastKnownFileType = sourcecode.c.objc; path = ViewController.m; sourceTree = "<group>"; };
		79EB74ED1ACC179900AD4C65 /* Base */ = {isa = PBXFileReference; lastKnownFileType = file.storyboard; name = Base; path = Base.lproj/Main.storyboard; sourceTree = "<group>"; };
		79EB74EF1ACC179900AD4C65 /* Images.xcassets */ = {isa = PBXFileReference; lastKnownFileType = folder.assetcatalog; path = Images.xcassets; sourceTree = "<group>"; };
		79EB74F21ACC179900AD4C65 /* Base */ = {isa = PBXFileReference; lastKnownFileType = file.xib; name = Base; path = Base.lproj/LaunchScreen.xib; sourceTree = "<group>"; };
		79EB74F81ACC179900AD4C65 /* WRUserSettingsExampleTests.xctest */ = {isa = PBXFileReference; explicitFileType = wrapper.cfbundle; includeInIndex = 0; path = WRUserSettingsExampleTests.xctest; sourceTree = BUILT_PRODUCTS_DIR; };
		79EB74FD1ACC179900AD4C65 /* Info.plist */ = {isa = PBXFileReference; lastKnownFileType = text.plist.xml; path = Info.plist; sourceTree = "<group>"; };
		79EB74FE1ACC179900AD4C65 /* WRUserSettingsExampleTests.m */ = {isa = PBXFileReference; lastKnownFileType = sourcecode.c.objc; path = WRUserSettingsExampleTests.m; sourceTree = "<group>"; };
		79EB75091ACC183C00AD4C65 /* WRUserSettings.h */ = {isa = PBXFileReference; fileEncoding = 4; lastKnownFileType = sourcecode.c.h; path = WRUserSettings.h; sourceTree = "<group>"; };
		79EB750A1ACC183C00AD4C65 /* WRUserSettings.m */ = {isa = PBXFileReference; fileEncoding = 4; lastKnownFileType = sourcecode.c.objc; path = WRUserSettings.m; sourceTree = "<group>"; };
/* End PBXFileReference section */

/* Begin PBXFrameworksBuildPhase section */
		79EB74DC1ACC179900AD4C65 /* Frameworks */ = {
			isa = PBXFrameworksBuildPhase;
			buildActionMask = 2147483647;
			files = (
			);
			runOnlyForDeploymentPostprocessing = 0;
		};
		79EB74F51ACC179900AD4C65 /* Frameworks */ = {
			isa = PBXFrameworksBuildPhase;
			buildActionMask = 2147483647;
			files = (
			);
			runOnlyForDeploymentPostprocessing = 0;
		};
/* End PBXFrameworksBuildPhase section */

/* Begin PBXGroup section */
		79EB74D61ACC179900AD4C65 = {
			isa = PBXGroup;
			children = (
				79EB74E11ACC179900AD4C65 /* WRUserSettingsExample */,
				79EB74FB1ACC179900AD4C65 /* WRUserSettingsExampleTests */,
				79EB74E01ACC179900AD4C65 /* Products */,
			);
			sourceTree = "<group>";
		};
		79EB74E01ACC179900AD4C65 /* Products */ = {
			isa = PBXGroup;
			children = (
				79EB74DF1ACC179900AD4C65 /* WRUserSettingsExample.app */,
				79EB74F81ACC179900AD4C65 /* WRUserSettingsExampleTests.xctest */,
			);
			name = Products;
			sourceTree = "<group>";
		};
		79EB74E11ACC179900AD4C65 /* WRUserSettingsExample */ = {
			isa = PBXGroup;
			children = (
				79EB75081ACC180900AD4C65 /* WRUserSettings */,
				7979953A1ACFFCD400474A22 /* MyUserSetting.h */,
				7979953B1ACFFCD400474A22 /* MyUserSetting.m */,
				7979953D1AD00CE000474A22 /* DragAreaView.h */,
				7979953E1AD00CE000474A22 /* DragAreaView.m */,
				79EB74E61ACC179900AD4C65 /* AppDelegate.h */,
				79EB74E71ACC179900AD4C65 /* AppDelegate.m */,
				79EB74E91ACC179900AD4C65 /* ViewController.h */,
				79EB74EA1ACC179900AD4C65 /* ViewController.m */,
				79EB74EC1ACC179900AD4C65 /* Main.storyboard */,
				79EB74EF1ACC179900AD4C65 /* Images.xcassets */,
				79EB74F11ACC179900AD4C65 /* LaunchScreen.xib */,
				79EB74E21ACC179900AD4C65 /* Supporting Files */,
			);
			path = WRUserSettingsExample;
			sourceTree = "<group>";
		};
		79EB74E21ACC179900AD4C65 /* Supporting Files */ = {
			isa = PBXGroup;
			children = (
				79EB74E31ACC179900AD4C65 /* Info.plist */,
				79EB74E41ACC179900AD4C65 /* main.m */,
			);
			name = "Supporting Files";
			sourceTree = "<group>";
		};
		79EB74FB1ACC179900AD4C65 /* WRUserSettingsExampleTests */ = {
			isa = PBXGroup;
			children = (
				79EB74FE1ACC179900AD4C65 /* WRUserSettingsExampleTests.m */,
				79EB74FC1ACC179900AD4C65 /* Supporting Files */,
			);
			path = WRUserSettingsExampleTests;
			sourceTree = "<group>";
		};
		79EB74FC1ACC179900AD4C65 /* Supporting Files */ = {
			isa = PBXGroup;
			children = (
				79EB74FD1ACC179900AD4C65 /* Info.plist */,
			);
			name = "Supporting Files";
			sourceTree = "<group>";
		};
		79EB75081ACC180900AD4C65 /* WRUserSettings */ = {
			isa = PBXGroup;
			children = (
				79EB75091ACC183C00AD4C65 /* WRUserSettings.h */,
				79EB750A1ACC183C00AD4C65 /* WRUserSettings.m */,
			);
			name = WRUserSettings;
			path = ../../WRUserSettings;
			sourceTree = "<group>";
		};
/* End PBXGroup section */

/* Begin PBXNativeTarget section */
		79EB74DE1ACC179900AD4C65 /* WRUserSettingsExample */ = {
			isa = PBXNativeTarget;
			buildConfigurationList = 79EB75021ACC179900AD4C65 /* Build configuration list for PBXNativeTarget "WRUserSettingsExample" */;
			buildPhases = (
				79EB74DB1ACC179900AD4C65 /* Sources */,
				79EB74DC1ACC179900AD4C65 /* Frameworks */,
				79EB74DD1ACC179900AD4C65 /* Resources */,
			);
			buildRules = (
			);
			dependencies = (
			);
			name = WRUserSettingsExample;
			productName = WRUserSettingsExample;
			productReference = 79EB74DF1ACC179900AD4C65 /* WRUserSettingsExample.app */;
			productType = "com.apple.product-type.application";
		};
		79EB74F71ACC179900AD4C65 /* WRUserSettingsExampleTests */ = {
			isa = PBXNativeTarget;
			buildConfigurationList = 79EB75051ACC179900AD4C65 /* Build configuration list for PBXNativeTarget "WRUserSettingsExampleTests" */;
			buildPhases = (
				79EB74F41ACC179900AD4C65 /* Sources */,
				79EB74F51ACC179900AD4C65 /* Frameworks */,
				79EB74F61ACC179900AD4C65 /* Resources */,
			);
			buildRules = (
			);
			dependencies = (
				79EB74FA1ACC179900AD4C65 /* PBXTargetDependency */,
			);
			name = WRUserSettingsExampleTests;
			productName = WRUserSettingsExampleTests;
			productReference = 79EB74F81ACC179900AD4C65 /* WRUserSettingsExampleTests.xctest */;
			productType = "com.apple.product-type.bundle.unit-test";
		};
/* End PBXNativeTarget section */

/* Begin PBXProject section */
		79EB74D71ACC179900AD4C65 /* Project object */ = {
			isa = PBXProject;
			attributes = {
				LastUpgradeCheck = 0620;
				ORGANIZATIONNAME = "Rafał Wójcik";
				TargetAttributes = {
					79EB74DE1ACC179900AD4C65 = {
						CreatedOnToolsVersion = 6.2;
					};
					79EB74F71ACC179900AD4C65 = {
						CreatedOnToolsVersion = 6.2;
						TestTargetID = 79EB74DE1ACC179900AD4C65;
					};
				};
			};
			buildConfigurationList = 79EB74DA1ACC179900AD4C65 /* Build configuration list for PBXProject "WRUserSettingsExample" */;
			compatibilityVersion = "Xcode 3.2";
			developmentRegion = English;
			hasScannedForEncodings = 0;
			knownRegions = (
				en,
				Base,
			);
			mainGroup = 79EB74D61ACC179900AD4C65;
			productRefGroup = 79EB74E01ACC179900AD4C65 /* Products */;
			projectDirPath = "";
			projectRoot = "";
			targets = (
				79EB74DE1ACC179900AD4C65 /* WRUserSettingsExample */,
				79EB74F71ACC179900AD4C65 /* WRUserSettingsExampleTests */,
			);
		};
/* End PBXProject section */

/* Begin PBXResourcesBuildPhase section */
		79EB74DD1ACC179900AD4C65 /* Resources */ = {
			isa = PBXResourcesBuildPhase;
			buildActionMask = 2147483647;
			files = (
				79EB74EE1ACC179900AD4C65 /* Main.storyboard in Resources */,
				79EB74F31ACC179900AD4C65 /* LaunchScreen.xib in Resources */,
				79EB74F01ACC179900AD4C65 /* Images.xcassets in Resources */,
			);
			runOnlyForDeploymentPostprocessing = 0;
		};
		79EB74F61ACC179900AD4C65 /* Resources */ = {
			isa = PBXResourcesBuildPhase;
			buildActionMask = 2147483647;
			files = (
			);
			runOnlyForDeploymentPostprocessing = 0;
		};
/* End PBXResourcesBuildPhase section */

/* Begin PBXSourcesBuildPhase section */
		79EB74DB1ACC179900AD4C65 /* Sources */ = {
			isa = PBXSourcesBuildPhase;
			buildActionMask = 2147483647;
			files = (
				79EB750B1ACC183C00AD4C65 /* WRUserSettings.m in Sources */,
				79EB74EB1ACC179900AD4C65 /* ViewController.m in Sources */,
				7979953C1ACFFCD400474A22 /* MyUserSetting.m in Sources */,
				79EB74E81ACC179900AD4C65 /* AppDelegate.m in Sources */,
				79EB74E51ACC179900AD4C65 /* main.m in Sources */,
				7979953F1AD00CE000474A22 /* DragAreaView.m in Sources */,
			);
			runOnlyForDeploymentPostprocessing = 0;
		};
		79EB74F41ACC179900AD4C65 /* Sources */ = {
			isa = PBXSourcesBuildPhase;
			buildActionMask = 2147483647;
			files = (
				79EB74FF1ACC179900AD4C65 /* WRUserSettingsExampleTests.m in Sources */,
			);
			runOnlyForDeploymentPostprocessing = 0;
		};
/* End PBXSourcesBuildPhase section */

/* Begin PBXTargetDependency section */
		79EB74FA1ACC179900AD4C65 /* PBXTargetDependency */ = {
			isa = PBXTargetDependency;
			target = 79EB74DE1ACC179900AD4C65 /* WRUserSettingsExample */;
			targetProxy = 79EB74F91ACC179900AD4C65 /* PBXContainerItemProxy */;
		};
/* End PBXTargetDependency section */

/* Begin PBXVariantGroup section */
		79EB74EC1ACC179900AD4C65 /* Main.storyboard */ = {
			isa = PBXVariantGroup;
			children = (
				79EB74ED1ACC179900AD4C65 /* Base */,
			);
			name = Main.storyboard;
			sourceTree = "<group>";
		};
		79EB74F11ACC179900AD4C65 /* LaunchScreen.xib */ = {
			isa = PBXVariantGroup;
			children = (
				79EB74F21ACC179900AD4C65 /* Base */,
			);
			name = LaunchScreen.xib;
			sourceTree = "<group>";
		};
/* End PBXVariantGroup section */

/* Begin XCBuildConfiguration section */
		79EB75001ACC179900AD4C65 /* Debug */ = {
			isa = XCBuildConfiguration;
			buildSettings = {
				ALWAYS_SEARCH_USER_PATHS = NO;
				CLANG_CXX_LANGUAGE_STANDARD = "gnu++0x";
				CLANG_CXX_LIBRARY = "libc++";
				CLANG_ENABLE_MODULES = YES;
				CLANG_ENABLE_OBJC_ARC = YES;
				CLANG_WARN_BOOL_CONVERSION = YES;
				CLANG_WARN_CONSTANT_CONVERSION = YES;
				CLANG_WARN_DIRECT_OBJC_ISA_USAGE = YES_ERROR;
				CLANG_WARN_EMPTY_BODY = YES;
				CLANG_WARN_ENUM_CONVERSION = YES;
				CLANG_WARN_INT_CONVERSION = YES;
				CLANG_WARN_OBJC_ROOT_CLASS = YES_ERROR;
				CLANG_WARN_UNREACHABLE_CODE = YES;
				CLANG_WARN__DUPLICATE_METHOD_MATCH = YES;
				"CODE_SIGN_IDENTITY[sdk=iphoneos*]" = "iPhone Developer";
				COPY_PHASE_STRIP = NO;
				ENABLE_STRICT_OBJC_MSGSEND = YES;
				GCC_C_LANGUAGE_STANDARD = gnu99;
				GCC_DYNAMIC_NO_PIC = NO;
				GCC_OPTIMIZATION_LEVEL = 0;
				GCC_PREPROCESSOR_DEFINITIONS = (
					"DEBUG=1",
					"$(inherited)",
				);
				GCC_SYMBOLS_PRIVATE_EXTERN = NO;
				GCC_WARN_64_TO_32_BIT_CONVERSION = YES;
				GCC_WARN_ABOUT_RETURN_TYPE = YES_ERROR;
				GCC_WARN_UNDECLARED_SELECTOR = YES;
				GCC_WARN_UNINITIALIZED_AUTOS = YES_AGGRESSIVE;
				GCC_WARN_UNUSED_FUNCTION = YES;
				GCC_WARN_UNUSED_VARIABLE = YES;
				IPHONEOS_DEPLOYMENT_TARGET = 8.2;
				MTL_ENABLE_DEBUG_INFO = YES;
				ONLY_ACTIVE_ARCH = YES;
				SDKROOT = iphoneos;
			};
			name = Debug;
		};
		79EB75011ACC179900AD4C65 /* Release */ = {
			isa = XCBuildConfiguration;
			buildSettings = {
				ALWAYS_SEARCH_USER_PATHS = NO;
				CLANG_CXX_LANGUAGE_STANDARD = "gnu++0x";
				CLANG_CXX_LIBRARY = "libc++";
				CLANG_ENABLE_MODULES = YES;
				CLANG_ENABLE_OBJC_ARC = YES;
				CLANG_WARN_BOOL_CONVERSION = YES;
				CLANG_WARN_CONSTANT_CONVERSION = YES;
				CLANG_WARN_DIRECT_OBJC_ISA_USAGE = YES_ERROR;
				CLANG_WARN_EMPTY_BODY = YES;
				CLANG_WARN_ENUM_CONVERSION = YES;
				CLANG_WARN_INT_CONVERSION = YES;
				CLANG_WARN_OBJC_ROOT_CLASS = YES_ERROR;
				CLANG_WARN_UNREACHABLE_CODE = YES;
				CLANG_WARN__DUPLICATE_METHOD_MATCH = YES;
				"CODE_SIGN_IDENTITY[sdk=iphoneos*]" = "iPhone Developer";
				COPY_PHASE_STRIP = NO;
				ENABLE_NS_ASSERTIONS = NO;
				ENABLE_STRICT_OBJC_MSGSEND = YES;
				GCC_C_LANGUAGE_STANDARD = gnu99;
				GCC_WARN_64_TO_32_BIT_CONVERSION = YES;
				GCC_WARN_ABOUT_RETURN_TYPE = YES_ERROR;
				GCC_WARN_UNDECLARED_SELECTOR = YES;
				GCC_WARN_UNINITIALIZED_AUTOS = YES_AGGRESSIVE;
				GCC_WARN_UNUSED_FUNCTION = YES;
				GCC_WARN_UNUSED_VARIABLE = YES;
				IPHONEOS_DEPLOYMENT_TARGET = 8.2;
				MTL_ENABLE_DEBUG_INFO = NO;
				SDKROOT = iphoneos;
				VALIDATE_PRODUCT = YES;
			};
			name = Release;
		};
		79EB75031ACC179900AD4C65 /* Debug */ = {
			isa = XCBuildConfiguration;
			buildSettings = {
				ASSETCATALOG_COMPILER_APPICON_NAME = AppIcon;
				INFOPLIST_FILE = WRUserSettingsExample/Info.plist;
				LD_RUNPATH_SEARCH_PATHS = "$(inherited) @executable_path/Frameworks";
				PRODUCT_NAME = "$(TARGET_NAME)";
			};
			name = Debug;
		};
		79EB75041ACC179900AD4C65 /* Release */ = {
			isa = XCBuildConfiguration;
			buildSettings = {
				ASSETCATALOG_COMPILER_APPICON_NAME = AppIcon;
				INFOPLIST_FILE = WRUserSettingsExample/Info.plist;
				LD_RUNPATH_SEARCH_PATHS = "$(inherited) @executable_path/Frameworks";
				PRODUCT_NAME = "$(TARGET_NAME)";
			};
			name = Release;
		};
		79EB75061ACC179900AD4C65 /* Debug */ = {
			isa = XCBuildConfiguration;
			buildSettings = {
				BUNDLE_LOADER = "$(TEST_HOST)";
				FRAMEWORK_SEARCH_PATHS = (
					"$(SDKROOT)/Developer/Library/Frameworks",
					"$(inherited)",
				);
				GCC_PREPROCESSOR_DEFINITIONS = (
					"DEBUG=1",
					"$(inherited)",
				);
				INFOPLIST_FILE = WRUserSettingsExampleTests/Info.plist;
				LD_RUNPATH_SEARCH_PATHS = "$(inherited) @executable_path/Frameworks @loader_path/Frameworks";
				PRODUCT_NAME = "$(TARGET_NAME)";
				TEST_HOST = "$(BUILT_PRODUCTS_DIR)/WRUserSettingsExample.app/WRUserSettingsExample";
			};
			name = Debug;
		};
		79EB75071ACC179900AD4C65 /* Release */ = {
			isa = XCBuildConfiguration;
			buildSettings = {
				BUNDLE_LOADER = "$(TEST_HOST)";
				FRAMEWORK_SEARCH_PATHS = (
					"$(SDKROOT)/Developer/Library/Frameworks",
					"$(inherited)",
				);
				INFOPLIST_FILE = WRUserSettingsExampleTests/Info.plist;
				LD_RUNPATH_SEARCH_PATHS = "$(inherited) @executable_path/Frameworks @loader_path/Frameworks";
				PRODUCT_NAME = "$(TARGET_NAME)";
				TEST_HOST = "$(BUILT_PRODUCTS_DIR)/WRUserSettingsExample.app/WRUserSettingsExample";
			};
			name = Release;
		};
/* End XCBuildConfiguration section */

/* Begin XCConfigurationList section */
		79EB74DA1ACC179900AD4C65 /* Build configuration list for PBXProject "WRUserSettingsExample" */ = {
			isa = XCConfigurationList;
			buildConfigurations = (
				79EB75001ACC179900AD4C65 /* Debug */,
				79EB75011ACC179900AD4C65 /* Release */,
			);
			defaultConfigurationIsVisible = 0;
			defaultConfigurationName = Release;
		};
		79EB75021ACC179900AD4C65 /* Build configuration list for PBXNativeTarget "WRUserSettingsExample" */ = {
			isa = XCConfigurationList;
			buildConfigurations = (
				79EB75031ACC179900AD4C65 /* Debug */,
				79EB75041ACC179900AD4C65 /* Release */,
			);
			defaultConfigurationIsVisible = 0;
			defaultConfigurationName = Release;
		};
		79EB75051ACC179900AD4C65 /* Build configuration list for PBXNativeTarget "WRUserSettingsExampleTests" */ = {
			isa = XCConfigurationList;
			buildConfigurations = (
				79EB75061ACC179900AD4C65 /* Debug */,
				79EB75071ACC179900AD4C65 /* Release */,
			);
			defaultConfigurationIsVisible = 0;
			defaultConfigurationName = Release;
		};
/* End XCConfigurationList section */
	};
	rootObject = 79EB74D71ACC179900AD4C65 /* Project object */;
}
