PODS:
  - Expecta (1.0.0)
  - Specta (1.0.2)
  - WRUserSettings (2.0.0)

DEPENDENCIES:
  - Expecta
  - Specta
  - WRUserSettings (from `../`)

EXTERNAL SOURCES:
  WRUserSettings:
    :path: "../"

SPEC CHECKSUMS:
  Expecta: 32604574add2c46a36f8d2f716b6c5736eb75024
  Specta: 9cec98310dca411f7c7ffd6943552b501622abfe
  WRUserSettings: 5c3f822e45d32defd5a45ce547abd4ab32079fdd

COCOAPODS: 0.37.2
